// !$*UTF8*$!
{
	archiveVersion = 1;
	classes = {
	};
	objectVersion = 56;
	objects = {

/* Begin PBXBuildFile section */
		50249F122B839DA7003F4BF5 /* AppDelegate.swift in Sources */ = {isa = PBXBuildFile; fileRef = 50249F112B839DA7003F4BF5 /* AppDelegate.swift */; };
		50249F142B839DA7003F4BF5 /* SceneDelegate.swift in Sources */ = {isa = PBXBuildFile; fileRef = 50249F132B839DA7003F4BF5 /* SceneDelegate.swift */; };
		50249F162B839DA7003F4BF5 /* ViewController.swift in Sources */ = {isa = PBXBuildFile; fileRef = 50249F152B839DA7003F4BF5 /* ViewController.swift */; };
		50249F192B839DA7003F4BF5 /* Main.storyboard in Resources */ = {isa = PBXBuildFile; fileRef = 50249F172B839DA7003F4BF5 /* Main.storyboard */; };
		50249F1B2B839DA8003F4BF5 /* Assets.xcassets in Resources */ = {isa = PBXBuildFile; fileRef = 50249F1A2B839DA8003F4BF5 /* Assets.xcassets */; };
		50249F1E2B839DA8003F4BF5 /* LaunchScreen.storyboard in Resources */ = {isa = PBXBuildFile; fileRef = 50249F1C2B839DA8003F4BF5 /* LaunchScreen.storyboard */; };
		50249F292B839DA8003F4BF5 /* BasicCompositionalLayoutTests.swift in Sources */ = {isa = PBXBuildFile; fileRef = 50249F282B839DA8003F4BF5 /* BasicCompositionalLayoutTests.swift */; };
		50249F332B839DA8003F4BF5 /* BasicCompositionalLayoutUITests.swift in Sources */ = {isa = PBXBuildFile; fileRef = 50249F322B839DA8003F4BF5 /* BasicCompositionalLayoutUITests.swift */; };
		50249F352B839DA8003F4BF5 /* BasicCompositionalLayoutUITestsLaunchTests.swift in Sources */ = {isa = PBXBuildFile; fileRef = 50249F342B839DA8003F4BF5 /* BasicCompositionalLayoutUITestsLaunchTests.swift */; };
		50249F422B83A569003F4BF5 /* Item.swift in Sources */ = {isa = PBXBuildFile; fileRef = 50249F412B83A569003F4BF5 /* Item.swift */; };
		50249F442B83A5D9003F4BF5 /* BannerCollectionViewCell.swift in Sources */ = {isa = PBXBuildFile; fileRef = 50249F432B83A5D9003F4BF5 /* BannerCollectionViewCell.swift */; };
		50249F472B83A659003F4BF5 /* SnapKit-Dynamic in Frameworks */ = {isa = PBXBuildFile; productRef = 50249F462B83A659003F4BF5 /* SnapKit-Dynamic */; };
		50249F4A2B83AF3F003F4BF5 /* Kingfisher in Frameworks */ = {isa = PBXBuildFile; productRef = 50249F492B83AF3F003F4BF5 /* Kingfisher */; };
/* End PBXBuildFile section */

/* Begin PBXContainerItemProxy section */
		50249F252B839DA8003F4BF5 /* PBXContainerItemProxy */ = {
			isa = PBXContainerItemProxy;
			containerPortal = 50249F062B839DA7003F4BF5 /* Project object */;
			proxyType = 1;
			remoteGlobalIDString = 50249F0D2B839DA7003F4BF5;
			remoteInfo = BasicCompositionalLayout;
		};
		50249F2F2B839DA8003F4BF5 /* PBXContainerItemProxy */ = {
			isa = PBXContainerItemProxy;
			containerPortal = 50249F062B839DA7003F4BF5 /* Project object */;
			proxyType = 1;
			remoteGlobalIDString = 50249F0D2B839DA7003F4BF5;
			remoteInfo = BasicCompositionalLayout;
		};
/* End PBXContainerItemProxy section */

/* Begin PBXFileReference section */
		50249F0E2B839DA7003F4BF5 /* BasicCompositionalLayout.app */ = {isa = PBXFileReference; explicitFileType = wrapper.application; includeInIndex = 0; path = BasicCompositionalLayout.app; sourceTree = BUILT_PRODUCTS_DIR; };
		50249F112B839DA7003F4BF5 /* AppDelegate.swift */ = {isa = PBXFileReference; lastKnownFileType = sourcecode.swift; path = AppDelegate.swift; sourceTree = "<group>"; };
		50249F132B839DA7003F4BF5 /* SceneDelegate.swift */ = {isa = PBXFileReference; lastKnownFileType = sourcecode.swift; path = SceneDelegate.swift; sourceTree = "<group>"; };
		50249F152B839DA7003F4BF5 /* ViewController.swift */ = {isa = PBXFileReference; lastKnownFileType = sourcecode.swift; path = ViewController.swift; sourceTree = "<group>"; };
		50249F182B839DA7003F4BF5 /* Base */ = {isa = PBXFileReference; lastKnownFileType = file.storyboard; name = Base; path = Base.lproj/Main.storyboard; sourceTree = "<group>"; };
		50249F1A2B839DA8003F4BF5 /* Assets.xcassets */ = {isa = PBXFileReference; lastKnownFileType = folder.assetcatalog; path = Assets.xcassets; sourceTree = "<group>"; };
		50249F1D2B839DA8003F4BF5 /* Base */ = {isa = PBXFileReference; lastKnownFileType = file.storyboard; name = Base; path = Base.lproj/LaunchScreen.storyboard; sourceTree = "<group>"; };
		50249F1F2B839DA8003F4BF5 /* Info.plist */ = {isa = PBXFileReference; lastKnownFileType = text.plist.xml; path = Info.plist; sourceTree = "<group>"; };
		50249F242B839DA8003F4BF5 /* BasicCompositionalLayoutTests.xctest */ = {isa = PBXFileReference; explicitFileType = wrapper.cfbundle; includeInIndex = 0; path = BasicCompositionalLayoutTests.xctest; sourceTree = BUILT_PRODUCTS_DIR; };
		50249F282B839DA8003F4BF5 /* BasicCompositionalLayoutTests.swift */ = {isa = PBXFileReference; lastKnownFileType = sourcecode.swift; path = BasicCompositionalLayoutTests.swift; sourceTree = "<group>"; };
		50249F2E2B839DA8003F4BF5 /* BasicCompositionalLayoutUITests.xctest */ = {isa = PBXFileReference; explicitFileType = wrapper.cfbundle; includeInIndex = 0; path = BasicCompositionalLayoutUITests.xctest; sourceTree = BUILT_PRODUCTS_DIR; };
		50249F322B839DA8003F4BF5 /* BasicCompositionalLayoutUITests.swift */ = {isa = PBXFileReference; lastKnownFileType = sourcecode.swift; path = BasicCompositionalLayoutUITests.swift; sourceTree = "<group>"; };
		50249F342B839DA8003F4BF5 /* BasicCompositionalLayoutUITestsLaunchTests.swift */ = {isa = PBXFileReference; lastKnownFileType = sourcecode.swift; path = BasicCompositionalLayoutUITestsLaunchTests.swift; sourceTree = "<group>"; };
		50249F412B83A569003F4BF5 /* Item.swift */ = {isa = PBXFileReference; lastKnownFileType = sourcecode.swift; path = Item.swift; sourceTree = "<group>"; };
		50249F432B83A5D9003F4BF5 /* BannerCollectionViewCell.swift */ = {isa = PBXFileReference; lastKnownFileType = sourcecode.swift; path = BannerCollectionViewCell.swift; sourceTree = "<group>"; };
/* End PBXFileReference section */

/* Begin PBXFrameworksBuildPhase section */
		50249F0B2B839DA7003F4BF5 /* Frameworks */ = {
			isa = PBXFrameworksBuildPhase;
			buildActionMask = 2147483647;
			files = (
				50249F4A2B83AF3F003F4BF5 /* Kingfisher in Frameworks */,
				50249F472B83A659003F4BF5 /* SnapKit-Dynamic in Frameworks */,
			);
			runOnlyForDeploymentPostprocessing = 0;
		};
		50249F212B839DA8003F4BF5 /* Frameworks */ = {
			isa = PBXFrameworksBuildPhase;
			buildActionMask = 2147483647;
			files = (
			);
			runOnlyForDeploymentPostprocessing = 0;
		};
		50249F2B2B839DA8003F4BF5 /* Frameworks */ = {
			isa = PBXFrameworksBuildPhase;
			buildActionMask = 2147483647;
			files = (
			);
			runOnlyForDeploymentPostprocessing = 0;
		};
/* End PBXFrameworksBuildPhase section */

/* Begin PBXGroup section */
		50249F052B839DA7003F4BF5 = {
			isa = PBXGroup;
			children = (
				50249F102B839DA7003F4BF5 /* BasicCompositionalLayout */,
				50249F272B839DA8003F4BF5 /* BasicCompositionalLayoutTests */,
				50249F312B839DA8003F4BF5 /* BasicCompositionalLayoutUITests */,
				50249F0F2B839DA7003F4BF5 /* Products */,
			);
			sourceTree = "<group>";
		};
		50249F0F2B839DA7003F4BF5 /* Products */ = {
			isa = PBXGroup;
			children = (
				50249F0E2B839DA7003F4BF5 /* BasicCompositionalLayout.app */,
				50249F242B839DA8003F4BF5 /* BasicCompositionalLayoutTests.xctest */,
				50249F2E2B839DA8003F4BF5 /* BasicCompositionalLayoutUITests.xctest */,
			);
			name = Products;
			sourceTree = "<group>";
		};
		50249F102B839DA7003F4BF5 /* BasicCompositionalLayout */ = {
			isa = PBXGroup;
			children = (
				50249F112B839DA7003F4BF5 /* AppDelegate.swift */,
				50249F132B839DA7003F4BF5 /* SceneDelegate.swift */,
				50249F152B839DA7003F4BF5 /* ViewController.swift */,
				50249F172B839DA7003F4BF5 /* Main.storyboard */,
				50249F1A2B839DA8003F4BF5 /* Assets.xcassets */,
				50249F1C2B839DA8003F4BF5 /* LaunchScreen.storyboard */,
				50249F1F2B839DA8003F4BF5 /* Info.plist */,
				50249F412B83A569003F4BF5 /* Item.swift */,
				50249F432B83A5D9003F4BF5 /* BannerCollectionViewCell.swift */,
			);
			path = BasicCompositionalLayout;
			sourceTree = "<group>";
		};
		50249F272B839DA8003F4BF5 /* BasicCompositionalLayoutTests */ = {
			isa = PBXGroup;
			children = (
				50249F282B839DA8003F4BF5 /* BasicCompositionalLayoutTests.swift */,
			);
			path = BasicCompositionalLayoutTests;
			sourceTree = "<group>";
		};
		50249F312B839DA8003F4BF5 /* BasicCompositionalLayoutUITests */ = {
			isa = PBXGroup;
			children = (
				50249F322B839DA8003F4BF5 /* BasicCompositionalLayoutUITests.swift */,
				50249F342B839DA8003F4BF5 /* BasicCompositionalLayoutUITestsLaunchTests.swift */,
			);
			path = BasicCompositionalLayoutUITests;
			sourceTree = "<group>";
		};
/* End PBXGroup section */

/* Begin PBXNativeTarget section */
		50249F0D2B839DA7003F4BF5 /* BasicCompositionalLayout */ = {
			isa = PBXNativeTarget;
			buildConfigurationList = 50249F382B839DA8003F4BF5 /* Build configuration list for PBXNativeTarget "BasicCompositionalLayout" */;
			buildPhases = (
				50249F0A2B839DA7003F4BF5 /* Sources */,
				50249F0B2B839DA7003F4BF5 /* Frameworks */,
				50249F0C2B839DA7003F4BF5 /* Resources */,
			);
			buildRules = (
			);
			dependencies = (
			);
			name = BasicCompositionalLayout;
			packageProductDependencies = (
				50249F462B83A659003F4BF5 /* SnapKit-Dynamic */,
				50249F492B83AF3F003F4BF5 /* Kingfisher */,
			);
			productName = BasicCompositionalLayout;
			productReference = 50249F0E2B839DA7003F4BF5 /* BasicCompositionalLayout.app */;
			productType = "com.apple.product-type.application";
		};
		50249F232B839DA8003F4BF5 /* BasicCompositionalLayoutTests */ = {
			isa = PBXNativeTarget;
			buildConfigurationList = 50249F3B2B839DA8003F4BF5 /* Build configuration list for PBXNativeTarget "BasicCompositionalLayoutTests" */;
			buildPhases = (
				50249F202B839DA8003F4BF5 /* Sources */,
				50249F212B839DA8003F4BF5 /* Frameworks */,
				50249F222B839DA8003F4BF5 /* Resources */,
			);
			buildRules = (
			);
			dependencies = (
				50249F262B839DA8003F4BF5 /* PBXTargetDependency */,
			);
			name = BasicCompositionalLayoutTests;
			productName = BasicCompositionalLayoutTests;
			productReference = 50249F242B839DA8003F4BF5 /* BasicCompositionalLayoutTests.xctest */;
			productType = "com.apple.product-type.bundle.unit-test";
		};
		50249F2D2B839DA8003F4BF5 /* BasicCompositionalLayoutUITests */ = {
			isa = PBXNativeTarget;
			buildConfigurationList = 50249F3E2B839DA8003F4BF5 /* Build configuration list for PBXNativeTarget "BasicCompositionalLayoutUITests" */;
			buildPhases = (
				50249F2A2B839DA8003F4BF5 /* Sources */,
				50249F2B2B839DA8003F4BF5 /* Frameworks */,
				50249F2C2B839DA8003F4BF5 /* Resources */,
			);
			buildRules = (
			);
			dependencies = (
				50249F302B839DA8003F4BF5 /* PBXTargetDependency */,
			);
			name = BasicCompositionalLayoutUITests;
			productName = BasicCompositionalLayoutUITests;
			productReference = 50249F2E2B839DA8003F4BF5 /* BasicCompositionalLayoutUITests.xctest */;
			productType = "com.apple.product-type.bundle.ui-testing";
		};
/* End PBXNativeTarget section */

/* Begin PBXProject section */
		50249F062B839DA7003F4BF5 /* Project object */ = {
			isa = PBXProject;
			attributes = {
				BuildIndependentTargetsInParallel = 1;
				LastSwiftUpdateCheck = 1520;
				LastUpgradeCheck = 1520;
				TargetAttributes = {
					50249F0D2B839DA7003F4BF5 = {
						CreatedOnToolsVersion = 15.2;
					};
					50249F232B839DA8003F4BF5 = {
						CreatedOnToolsVersion = 15.2;
						TestTargetID = 50249F0D2B839DA7003F4BF5;
					};
					50249F2D2B839DA8003F4BF5 = {
						CreatedOnToolsVersion = 15.2;
						TestTargetID = 50249F0D2B839DA7003F4BF5;
					};
				};
			};
			buildConfigurationList = 50249F092B839DA7003F4BF5 /* Build configuration list for PBXProject "BasicCompositionalLayout" */;
			compatibilityVersion = "Xcode 14.0";
			developmentRegion = en;
			hasScannedForEncodings = 0;
			knownRegions = (
				en,
				Base,
			);
			mainGroup = 50249F052B839DA7003F4BF5;
			packageReferences = (
				50249F452B83A659003F4BF5 /* XCRemoteSwiftPackageReference "SnapKit" */,
				50249F482B83AF3F003F4BF5 /* XCRemoteSwiftPackageReference "Kingfisher" */,
			);
			productRefGroup = 50249F0F2B839DA7003F4BF5 /* Products */;
			projectDirPath = "";
			projectRoot = "";
			targets = (
				50249F0D2B839DA7003F4BF5 /* BasicCompositionalLayout */,
				50249F232B839DA8003F4BF5 /* BasicCompositionalLayoutTests */,
				50249F2D2B839DA8003F4BF5 /* BasicCompositionalLayoutUITests */,
			);
		};
/* End PBXProject section */

/* Begin PBXResourcesBuildPhase section */
		50249F0C2B839DA7003F4BF5 /* Resources */ = {
			isa = PBXResourcesBuildPhase;
			buildActionMask = 2147483647;
			files = (
				50249F1E2B839DA8003F4BF5 /* LaunchScreen.storyboard in Resources */,
				50249F1B2B839DA8003F4BF5 /* Assets.xcassets in Resources */,
				50249F192B839DA7003F4BF5 /* Main.storyboard in Resources */,
			);
			runOnlyForDeploymentPostprocessing = 0;
		};
		50249F222B839DA8003F4BF5 /* Resources */ = {
			isa = PBXResourcesBuildPhase;
			buildActionMask = 2147483647;
			files = (
			);
			runOnlyForDeploymentPostprocessing = 0;
		};
		50249F2C2B839DA8003F4BF5 /* Resources */ = {
			isa = PBXResourcesBuildPhase;
			buildActionMask = 2147483647;
			files = (
			);
			runOnlyForDeploymentPostprocessing = 0;
		};
/* End PBXResourcesBuildPhase section */

/* Begin PBXSourcesBuildPhase section */
		50249F0A2B839DA7003F4BF5 /* Sources */ = {
			isa = PBXSourcesBuildPhase;
			buildActionMask = 2147483647;
			files = (
				50249F422B83A569003F4BF5 /* Item.swift in Sources */,
				50249F162B839DA7003F4BF5 /* ViewController.swift in Sources */,
				50249F122B839DA7003F4BF5 /* AppDelegate.swift in Sources */,
				50249F442B83A5D9003F4BF5 /* BannerCollectionViewCell.swift in Sources */,
				50249F142B839DA7003F4BF5 /* SceneDelegate.swift in Sources */,
			);
			runOnlyForDeploymentPostprocessing = 0;
		};
		50249F202B839DA8003F4BF5 /* Sources */ = {
			isa = PBXSourcesBuildPhase;
			buildActionMask = 2147483647;
			files = (
				50249F292B839DA8003F4BF5 /* BasicCompositionalLayoutTests.swift in Sources */,
			);
			runOnlyForDeploymentPostprocessing = 0;
		};
		50249F2A2B839DA8003F4BF5 /* Sources */ = {
			isa = PBXSourcesBuildPhase;
			buildActionMask = 2147483647;
			files = (
				50249F332B839DA8003F4BF5 /* BasicCompositionalLayoutUITests.swift in Sources */,
				50249F352B839DA8003F4BF5 /* BasicCompositionalLayoutUITestsLaunchTests.swift in Sources */,
			);
			runOnlyForDeploymentPostprocessing = 0;
		};
/* End PBXSourcesBuildPhase section */

/* Begin PBXTargetDependency section */
		50249F262B839DA8003F4BF5 /* PBXTargetDependency */ = {
			isa = PBXTargetDependency;
			target = 50249F0D2B839DA7003F4BF5 /* BasicCompositionalLayout */;
			targetProxy = 50249F252B839DA8003F4BF5 /* PBXContainerItemProxy */;
		};
		50249F302B839DA8003F4BF5 /* PBXTargetDependency */ = {
			isa = PBXTargetDependency;
			target = 50249F0D2B839DA7003F4BF5 /* BasicCompositionalLayout */;
			targetProxy = 50249F2F2B839DA8003F4BF5 /* PBXContainerItemProxy */;
		};
/* End PBXTargetDependency section */

/* Begin PBXVariantGroup section */
		50249F172B839DA7003F4BF5 /* Main.storyboard */ = {
			isa = PBXVariantGroup;
			children = (
				50249F182B839DA7003F4BF5 /* Base */,
			);
			name = Main.storyboard;
			sourceTree = "<group>";
		};
		50249F1C2B839DA8003F4BF5 /* LaunchScreen.storyboard */ = {
			isa = PBXVariantGroup;
			children = (
				50249F1D2B839DA8003F4BF5 /* Base */,
			);
			name = LaunchScreen.storyboard;
			sourceTree = "<group>";
		};
/* End PBXVariantGroup section */

/* Begin XCBuildConfiguration section */
		50249F362B839DA8003F4BF5 /* Debug */ = {
			isa = XCBuildConfiguration;
			buildSettings = {
				ALWAYS_SEARCH_USER_PATHS = NO;
				ASSETCATALOG_COMPILER_GENERATE_SWIFT_ASSET_SYMBOL_EXTENSIONS = YES;
				CLANG_ANALYZER_NONNULL = YES;
				CLANG_ANALYZER_NUMBER_OBJECT_CONVERSION = YES_AGGRESSIVE;
				CLANG_CXX_LANGUAGE_STANDARD = "gnu++20";
				CLANG_ENABLE_MODULES = YES;
				CLANG_ENABLE_OBJC_ARC = YES;
				CLANG_ENABLE_OBJC_WEAK = YES;
				CLANG_WARN_BLOCK_CAPTURE_AUTORELEASING = YES;
				CLANG_WARN_BOOL_CONVERSION = YES;
				CLANG_WARN_COMMA = YES;
				CLANG_WARN_CONSTANT_CONVERSION = YES;
				CLANG_WARN_DEPRECATED_OBJC_IMPLEMENTATIONS = YES;
				CLANG_WARN_DIRECT_OBJC_ISA_USAGE = YES_ERROR;
				CLANG_WARN_DOCUMENTATION_COMMENTS = YES;
				CLANG_WARN_EMPTY_BODY = YES;
				CLANG_WARN_ENUM_CONVERSION = YES;
				CLANG_WARN_INFINITE_RECURSION = YES;
				CLANG_WARN_INT_CONVERSION = YES;
				CLANG_WARN_NON_LITERAL_NULL_CONVERSION = YES;
				CLANG_WARN_OBJC_IMPLICIT_RETAIN_SELF = YES;
				CLANG_WARN_OBJC_LITERAL_CONVERSION = YES;
				CLANG_WARN_OBJC_ROOT_CLASS = YES_ERROR;
				CLANG_WARN_QUOTED_INCLUDE_IN_FRAMEWORK_HEADER = YES;
				CLANG_WARN_RANGE_LOOP_ANALYSIS = YES;
				CLANG_WARN_STRICT_PROTOTYPES = YES;
				CLANG_WARN_SUSPICIOUS_MOVE = YES;
				CLANG_WARN_UNGUARDED_AVAILABILITY = YES_AGGRESSIVE;
				CLANG_WARN_UNREACHABLE_CODE = YES;
				CLANG_WARN__DUPLICATE_METHOD_MATCH = YES;
				COPY_PHASE_STRIP = NO;
				DEBUG_INFORMATION_FORMAT = dwarf;
				ENABLE_STRICT_OBJC_MSGSEND = YES;
				ENABLE_TESTABILITY = YES;
				ENABLE_USER_SCRIPT_SANDBOXING = YES;
				GCC_C_LANGUAGE_STANDARD = gnu17;
				GCC_DYNAMIC_NO_PIC = NO;
				GCC_NO_COMMON_BLOCKS = YES;
				GCC_OPTIMIZATION_LEVEL = 0;
				GCC_PREPROCESSOR_DEFINITIONS = (
					"DEBUG=1",
					"$(inherited)",
				);
				GCC_WARN_64_TO_32_BIT_CONVERSION = YES;
				GCC_WARN_ABOUT_RETURN_TYPE = YES_ERROR;
				GCC_WARN_UNDECLARED_SELECTOR = YES;
				GCC_WARN_UNINITIALIZED_AUTOS = YES_AGGRESSIVE;
				GCC_WARN_UNUSED_FUNCTION = YES;
				GCC_WARN_UNUSED_VARIABLE = YES;
				IPHONEOS_DEPLOYMENT_TARGET = 17.2;
				LOCALIZATION_PREFERS_STRING_CATALOGS = YES;
				MTL_ENABLE_DEBUG_INFO = INCLUDE_SOURCE;
				MTL_FAST_MATH = YES;
				ONLY_ACTIVE_ARCH = YES;
				SDKROOT = iphoneos;
				SWIFT_ACTIVE_COMPILATION_CONDITIONS = "DEBUG $(inherited)";
				SWIFT_OPTIMIZATION_LEVEL = "-Onone";
			};
			name = Debug;
		};
		50249F372B839DA8003F4BF5 /* Release */ = {
			isa = XCBuildConfiguration;
			buildSettings = {
				ALWAYS_SEARCH_USER_PATHS = NO;
				ASSETCATALOG_COMPILER_GENERATE_SWIFT_ASSET_SYMBOL_EXTENSIONS = YES;
				CLANG_ANALYZER_NONNULL = YES;
				CLANG_ANALYZER_NUMBER_OBJECT_CONVERSION = YES_AGGRESSIVE;
				CLANG_CXX_LANGUAGE_STANDARD = "gnu++20";
				CLANG_ENABLE_MODULES = YES;
				CLANG_ENABLE_OBJC_ARC = YES;
				CLANG_ENABLE_OBJC_WEAK = YES;
				CLANG_WARN_BLOCK_CAPTURE_AUTORELEASING = YES;
				CLANG_WARN_BOOL_CONVERSION = YES;
				CLANG_WARN_COMMA = YES;
				CLANG_WARN_CONSTANT_CONVERSION = YES;
				CLANG_WARN_DEPRECATED_OBJC_IMPLEMENTATIONS = YES;
				CLANG_WARN_DIRECT_OBJC_ISA_USAGE = YES_ERROR;
				CLANG_WARN_DOCUMENTATION_COMMENTS = YES;
				CLANG_WARN_EMPTY_BODY = YES;
				CLANG_WARN_ENUM_CONVERSION = YES;
				CLANG_WARN_INFINITE_RECURSION = YES;
				CLANG_WARN_INT_CONVERSION = YES;
				CLANG_WARN_NON_LITERAL_NULL_CONVERSION = YES;
				CLANG_WARN_OBJC_IMPLICIT_RETAIN_SELF = YES;
				CLANG_WARN_OBJC_LITERAL_CONVERSION = YES;
				CLANG_WARN_OBJC_ROOT_CLASS = YES_ERROR;
				CLANG_WARN_QUOTED_INCLUDE_IN_FRAMEWORK_HEADER = YES;
				CLANG_WARN_RANGE_LOOP_ANALYSIS = YES;
				CLANG_WARN_STRICT_PROTOTYPES = YES;
				CLANG_WARN_SUSPICIOUS_MOVE = YES;
				CLANG_WARN_UNGUARDED_AVAILABILITY = YES_AGGRESSIVE;
				CLANG_WARN_UNREACHABLE_CODE = YES;
				CLANG_WARN__DUPLICATE_METHOD_MATCH = YES;
				COPY_PHASE_STRIP = NO;
				DEBUG_INFORMATION_FORMAT = "dwarf-with-dsym";
				ENABLE_NS_ASSERTIONS = NO;
				ENABLE_STRICT_OBJC_MSGSEND = YES;
				ENABLE_USER_SCRIPT_SANDBOXING = YES;
				GCC_C_LANGUAGE_STANDARD = gnu17;
				GCC_NO_COMMON_BLOCKS = YES;
				GCC_WARN_64_TO_32_BIT_CONVERSION = YES;
				GCC_WARN_ABOUT_RETURN_TYPE = YES_ERROR;
				GCC_WARN_UNDECLARED_SELECTOR = YES;
				GCC_WARN_UNINITIALIZED_AUTOS = YES_AGGRESSIVE;
				GCC_WARN_UNUSED_FUNCTION = YES;
				GCC_WARN_UNUSED_VARIABLE = YES;
				IPHONEOS_DEPLOYMENT_TARGET = 17.2;
				LOCALIZATION_PREFERS_STRING_CATALOGS = YES;
				MTL_ENABLE_DEBUG_INFO = NO;
				MTL_FAST_MATH = YES;
				SDKROOT = iphoneos;
				SWIFT_COMPILATION_MODE = wholemodule;
				VALIDATE_PRODUCT = YES;
			};
			name = Release;
		};
		50249F392B839DA8003F4BF5 /* Debug */ = {
			isa = XCBuildConfiguration;
			buildSettings = {
				ASSETCATALOG_COMPILER_APPICON_NAME = AppIcon;
				ASSETCATALOG_COMPILER_GLOBAL_ACCENT_COLOR_NAME = AccentColor;
				CODE_SIGN_STYLE = Automatic;
				CURRENT_PROJECT_VERSION = 1;
				DEVELOPMENT_TEAM = 24Z3VMGR2U;
				GENERATE_INFOPLIST_FILE = YES;
				INFOPLIST_FILE = BasicCompositionalLayout/Info.plist;
				INFOPLIST_KEY_UIApplicationSupportsIndirectInputEvents = YES;
				INFOPLIST_KEY_UILaunchStoryboardName = LaunchScreen;
				INFOPLIST_KEY_UIMainStoryboardFile = Main;
				INFOPLIST_KEY_UISupportedInterfaceOrientations_iPad = "UIInterfaceOrientationPortrait UIInterfaceOrientationPortraitUpsideDown UIInterfaceOrientationLandscapeLeft UIInterfaceOrientationLandscapeRight";
				INFOPLIST_KEY_UISupportedInterfaceOrientations_iPhone = "UIInterfaceOrientationPortrait UIInterfaceOrientationLandscapeLeft UIInterfaceOrientationLandscapeRight";
				LD_RUNPATH_SEARCH_PATHS = (
					"$(inherited)",
					"@executable_path/Frameworks",
				);
				MARKETING_VERSION = 1.0;
				PRODUCT_BUNDLE_IDENTIFIER = FireJS.BasicCompositionalLayout;
				PRODUCT_NAME = "$(TARGET_NAME)";
				SWIFT_EMIT_LOC_STRINGS = YES;
				SWIFT_VERSION = 5.0;
				TARGETED_DEVICE_FAMILY = "1,2";
			};
			name = Debug;
		};
		50249F3A2B839DA8003F4BF5 /* Release */ = {
			isa = XCBuildConfiguration;
			buildSettings = {
				ASSETCATALOG_COMPILER_APPICON_NAME = AppIcon;
				ASSETCATALOG_COMPILER_GLOBAL_ACCENT_COLOR_NAME = AccentColor;
				CODE_SIGN_STYLE = Automatic;
				CURRENT_PROJECT_VERSION = 1;
				DEVELOPMENT_TEAM = 24Z3VMGR2U;
				GENERATE_INFOPLIST_FILE = YES;
				INFOPLIST_FILE = BasicCompositionalLayout/Info.plist;
				INFOPLIST_KEY_UIApplicationSupportsIndirectInputEvents = YES;
				INFOPLIST_KEY_UILaunchStoryboardName = LaunchScreen;
				INFOPLIST_KEY_UIMainStoryboardFile = Main;
				INFOPLIST_KEY_UISupportedInterfaceOrientations_iPad = "UIInterfaceOrientationPortrait UIInterfaceOrientationPortraitUpsideDown UIInterfaceOrientationLandscapeLeft UIInterfaceOrientationLandscapeRight";
				INFOPLIST_KEY_UISupportedInterfaceOrientations_iPhone = "UIInterfaceOrientationPortrait UIInterfaceOrientationLandscapeLeft UIInterfaceOrientationLandscapeRight";
				LD_RUNPATH_SEARCH_PATHS = (
					"$(inherited)",
					"@executable_path/Frameworks",
				);
				MARKETING_VERSION = 1.0;
				PRODUCT_BUNDLE_IDENTIFIER = FireJS.BasicCompositionalLayout;
				PRODUCT_NAME = "$(TARGET_NAME)";
				SWIFT_EMIT_LOC_STRINGS = YES;
				SWIFT_VERSION = 5.0;
				TARGETED_DEVICE_FAMILY = "1,2";
			};
			name = Release;
		};
		50249F3C2B839DA8003F4BF5 /* Debug */ = {
			isa = XCBuildConfiguration;
			buildSettings = {
				ALWAYS_EMBED_SWIFT_STANDARD_LIBRARIES = YES;
				BUNDLE_LOADER = "$(TEST_HOST)";
				CODE_SIGN_STYLE = Automatic;
				CURRENT_PROJECT_VERSION = 1;
				DEVELOPMENT_TEAM = 24Z3VMGR2U;
				GENERATE_INFOPLIST_FILE = YES;
				IPHONEOS_DEPLOYMENT_TARGET = 17.2;
				MARKETING_VERSION = 1.0;
				PRODUCT_BUNDLE_IDENTIFIER = FireJS.BasicCompositionalLayoutTests;
				PRODUCT_NAME = "$(TARGET_NAME)";
				SWIFT_EMIT_LOC_STRINGS = NO;
				SWIFT_VERSION = 5.0;
				TARGETED_DEVICE_FAMILY = "1,2";
				TEST_HOST = "$(BUILT_PRODUCTS_DIR)/BasicCompositionalLayout.app/$(BUNDLE_EXECUTABLE_FOLDER_PATH)/BasicCompositionalLayout";
			};
			name = Debug;
		};
		50249F3D2B839DA8003F4BF5 /* Release */ = {
			isa = XCBuildConfiguration;
			buildSettings = {
				ALWAYS_EMBED_SWIFT_STANDARD_LIBRARIES = YES;
				BUNDLE_LOADER = "$(TEST_HOST)";
				CODE_SIGN_STYLE = Automatic;
				CURRENT_PROJECT_VERSION = 1;
				DEVELOPMENT_TEAM = 24Z3VMGR2U;
				GENERATE_INFOPLIST_FILE = YES;
				IPHONEOS_DEPLOYMENT_TARGET = 17.2;
				MARKETING_VERSION = 1.0;
				PRODUCT_BUNDLE_IDENTIFIER = FireJS.BasicCompositionalLayoutTests;
				PRODUCT_NAME = "$(TARGET_NAME)";
				SWIFT_EMIT_LOC_STRINGS = NO;
				SWIFT_VERSION = 5.0;
				TARGETED_DEVICE_FAMILY = "1,2";
				TEST_HOST = "$(BUILT_PRODUCTS_DIR)/BasicCompositionalLayout.app/$(BUNDLE_EXECUTABLE_FOLDER_PATH)/BasicCompositionalLayout";
			};
			name = Release;
		};
		50249F3F2B839DA8003F4BF5 /* Debug */ = {
			isa = XCBuildConfiguration;
			buildSettings = {
				ALWAYS_EMBED_SWIFT_STANDARD_LIBRARIES = YES;
				CODE_SIGN_STYLE = Automatic;
				CURRENT_PROJECT_VERSION = 1;
				DEVELOPMENT_TEAM = 24Z3VMGR2U;
				GENERATE_INFOPLIST_FILE = YES;
				MARKETING_VERSION = 1.0;
				PRODUCT_BUNDLE_IDENTIFIER = FireJS.BasicCompositionalLayoutUITests;
				PRODUCT_NAME = "$(TARGET_NAME)";
				SWIFT_EMIT_LOC_STRINGS = NO;
				SWIFT_VERSION = 5.0;
				TARGETED_DEVICE_FAMILY = "1,2";
				TEST_TARGET_NAME = BasicCompositionalLayout;
			};
			name = Debug;
		};
		50249F402B839DA8003F4BF5 /* Release */ = {
			isa = XCBuildConfiguration;
			buildSettings = {
				ALWAYS_EMBED_SWIFT_STANDARD_LIBRARIES = YES;
				CODE_SIGN_STYLE = Automatic;
				CURRENT_PROJECT_VERSION = 1;
				DEVELOPMENT_TEAM = 24Z3VMGR2U;
				GENERATE_INFOPLIST_FILE = YES;
				MARKETING_VERSION = 1.0;
				PRODUCT_BUNDLE_IDENTIFIER = FireJS.BasicCompositionalLayoutUITests;
				PRODUCT_NAME = "$(TARGET_NAME)";
				SWIFT_EMIT_LOC_STRINGS = NO;
				SWIFT_VERSION = 5.0;
				TARGETED_DEVICE_FAMILY = "1,2";
				TEST_TARGET_NAME = BasicCompositionalLayout;
			};
			name = Release;
		};
/* End XCBuildConfiguration section */

/* Begin XCConfigurationList section */
		50249F092B839DA7003F4BF5 /* Build configuration list for PBXProject "BasicCompositionalLayout" */ = {
			isa = XCConfigurationList;
			buildConfigurations = (
				50249F362B839DA8003F4BF5 /* Debug */,
				50249F372B839DA8003F4BF5 /* Release */,
			);
			defaultConfigurationIsVisible = 0;
			defaultConfigurationName = Release;
		};
		50249F382B839DA8003F4BF5 /* Build configuration list for PBXNativeTarget "BasicCompositionalLayout" */ = {
			isa = XCConfigurationList;
			buildConfigurations = (
				50249F392B839DA8003F4BF5 /* Debug */,
				50249F3A2B839DA8003F4BF5 /* Release */,
			);
			defaultConfigurationIsVisible = 0;
			defaultConfigurationName = Release;
		};
		50249F3B2B839DA8003F4BF5 /* Build configuration list for PBXNativeTarget "BasicCompositionalLayoutTests" */ = {
			isa = XCConfigurationList;
			buildConfigurations = (
				50249F3C2B839DA8003F4BF5 /* Debug */,
				50249F3D2B839DA8003F4BF5 /* Release */,
			);
			defaultConfigurationIsVisible = 0;
			defaultConfigurationName = Release;
		};
		50249F3E2B839DA8003F4BF5 /* Build configuration list for PBXNativeTarget "BasicCompositionalLayoutUITests" */ = {
			isa = XCConfigurationList;
			buildConfigurations = (
				50249F3F2B839DA8003F4BF5 /* Debug */,
				50249F402B839DA8003F4BF5 /* Release */,
			);
			defaultConfigurationIsVisible = 0;
			defaultConfigurationName = Release;
		};
/* End XCConfigurationList section */

/* Begin XCRemoteSwiftPackageReference section */
		50249F452B83A659003F4BF5 /* XCRemoteSwiftPackageReference "SnapKit" */ = {
			isa = XCRemoteSwiftPackageReference;
			repositoryURL = "https://github.com/SnapKit/SnapKit.git";
			requirement = {
				kind = upToNextMajorVersion;
				minimumVersion = 5.7.1;
			};
		};
		50249F482B83AF3F003F4BF5 /* XCRemoteSwiftPackageReference "Kingfisher" */ = {
			isa = XCRemoteSwiftPackageReference;
			repositoryURL = "https://github.com/onevcat/Kingfisher.git";
			requirement = {
				kind = upToNextMajorVersion;
				minimumVersion = 7.11.0;
			};
		};
/* End XCRemoteSwiftPackageReference section */

/* Begin XCSwiftPackageProductDependency section */
		50249F462B83A659003F4BF5 /* SnapKit-Dynamic */ = {
			isa = XCSwiftPackageProductDependency;
			package = 50249F452B83A659003F4BF5 /* XCRemoteSwiftPackageReference "SnapKit" */;
			productName = "SnapKit-Dynamic";
		};
		50249F492B83AF3F003F4BF5 /* Kingfisher */ = {
			isa = XCSwiftPackageProductDependency;
			package = 50249F482B83AF3F003F4BF5 /* XCRemoteSwiftPackageReference "Kingfisher" */;
			productName = Kingfisher;
		};
/* End XCSwiftPackageProductDependency section */
	};
	rootObject = 50249F062B839DA7003F4BF5 /* Project object */;
}
